
Microsoft Visual Studio Solution File, Format Version 12.00
# Visual Studio Version 16
VisualStudioVersion = 16.0.30626.31
MinimumVisualStudioVersion = 10.0.40219.1
Project("{9A19103F-16F7-4668-BE54-9A1E7A4F7556}") = "AgariTaku.Server", "AgariTaku\Server\AgariTaku.Server.csproj", "{D61F8D27-54C3-49AE-BF02-F6FB32F93995}"
EndProject
Project("{9A19103F-16F7-4668-BE54-9A1E7A4F7556}") = "AgariTaku.Client", "AgariTaku\Client\AgariTaku.Client.csproj", "{F3F6BD55-1F2C-4FE8-823B-1E7C1B96CDF8}"
EndProject
Project("{9A19103F-16F7-4668-BE54-9A1E7A4F7556}") = "AgariTaku.Shared", "AgariTaku\Shared\AgariTaku.Shared.csproj", "{EB61EC03-A324-434B-9016-311D4F2BBA48}"
EndProject
Project("{2150E333-8FDC-42A3-9474-1A3956D46DE8}") = "Solution Items", "Solution Items", "{881D8EBA-4864-4767-A0B8-9588EA17E9B2}"
	ProjectSection(SolutionItems) = preProject
		Directory.Build.props = Directory.Build.props
	EndProjectSection
EndProject
Project("{FAE04EC0-301F-11D3-BF4B-00C04F79EFBC}") = "AgariTaku.Tests", "AgariTaku.Tests\AgariTaku.Tests.csproj", "{C7B4DBE8-4840-4DDF-876C-687A1067CD09}"
EndProject
Global
	GlobalSection(SolutionConfigurationPlatforms) = preSolution
		Debug|Any CPU = Debug|Any CPU
		Release|Any CPU = Release|Any CPU
	EndGlobalSection
	GlobalSection(ProjectConfigurationPlatforms) = postSolution
		{D61F8D27-54C3-49AE-BF02-F6FB32F93995}.Debug|Any CPU.ActiveCfg = Debug|Any CPU
		{D61F8D27-54C3-49AE-BF02-F6FB32F93995}.Debug|Any CPU.Build.0 = Debug|Any CPU
		{D61F8D27-54C3-49AE-BF02-F6FB32F93995}.Release|Any CPU.ActiveCfg = Release|Any CPU
		{D61F8D27-54C3-49AE-BF02-F6FB32F93995}.Release|Any CPU.Build.0 = Release|Any CPU
		{F3F6BD55-1F2C-4FE8-823B-1E7C1B96CDF8}.Debug|Any CPU.ActiveCfg = Debug|Any CPU
		{F3F6BD55-1F2C-4FE8-823B-1E7C1B96CDF8}.Debug|Any CPU.Build.0 = Debug|Any CPU
		{F3F6BD55-1F2C-4FE8-823B-1E7C1B96CDF8}.Release|Any CPU.ActiveCfg = Release|Any CPU
		{F3F6BD55-1F2C-4FE8-823B-1E7C1B96CDF8}.Release|Any CPU.Build.0 = Release|Any CPU
		{EB61EC03-A324-434B-9016-311D4F2BBA48}.Debug|Any CPU.ActiveCfg = Debug|Any CPU
		{EB61EC03-A324-434B-9016-311D4F2BBA48}.Debug|Any CPU.Build.0 = Debug|Any CPU
		{EB61EC03-A324-434B-9016-311D4F2BBA48}.Release|Any CPU.ActiveCfg = Release|Any CPU
		{EB61EC03-A324-434B-9016-311D4F2BBA48}.Release|Any CPU.Build.0 = Release|Any CPU
		{C7B4DBE8-4840-4DDF-876C-687A1067CD09}.Debug|Any CPU.ActiveCfg = Debug|Any CPU
		{C7B4DBE8-4840-4DDF-876C-687A1067CD09}.Debug|Any CPU.Build.0 = Debug|Any CPU
		{C7B4DBE8-4840-4DDF-876C-687A1067CD09}.Release|Any CPU.ActiveCfg = Release|Any CPU
		{C7B4DBE8-4840-4DDF-876C-687A1067CD09}.Release|Any CPU.Build.0 = Release|Any CPU
	EndGlobalSection
	GlobalSection(SolutionProperties) = preSolution
		HideSolutionNode = FALSE
	EndGlobalSection
	GlobalSection(ExtensibilityGlobals) = postSolution
		SolutionGuid = {EC978CD2-77BF-470B-830D-FC66F888D6CB}
	EndGlobalSection
EndGlobal
